
Microsoft Visual Studio Solution File, Format Version 12.00
# Visual Studio Version 17
VisualStudioVersion = 17.0.31903.59
MinimumVisualStudioVersion = 10.0.40219.1
Project("{2150E333-8FDC-42A3-9474-1A3956D46DE8}") = "game", "game", "{AE49D761-A782-2099-29A5-159B937B43CB}"
EndProject
Project("{FAE04EC0-301F-11D3-BF4B-00C04F79EFBC}") = "High School Baseball Manager", "game\High School Baseball Manager.csproj", "{BF4D85B4-2534-4C68-818A-1E92A6840D30}"
EndProject
Project("{2150E333-8FDC-42A3-9474-1A3956D46DE8}") = "src", "src", "{827E0CD3-B72D-47B6-A68D-7590B98EB39B}"
EndProject
Project("{FAE04EC0-301F-11D3-BF4B-00C04F79EFBC}") = "HSBM.Domain", "src\HSBM.Domain\HSBM.Domain.csproj", "{FCFE97F9-3E31-4089-BEDB-BD79C750F21F}"
EndProject
Project("{FAE04EC0-301F-11D3-BF4B-00C04F79EFBC}") = "HSBM.Application", "src\HSBM.Application\HSBM.Application.csproj", "{00463004-B0DF-4993-A6B6-7A8E5EDE5EF6}"
EndProject
Project("{FAE04EC0-301F-11D3-BF4B-00C04F79EFBC}") = "HSBM.Simulation", "src\HSBM.Simulation\HSBM.Simulation.csproj", "{64A75B28-C435-4AE3-9C00-F2AD699AF6A8}"
EndProject
Project("{FAE04EC0-301F-11D3-BF4B-00C04F79EFBC}") = "HSBM.Persistence", "src\HSBM.Persistence\HSBM.Persistence.csproj", "{1F895BC3-3D55-4586-B568-6F0EDD03B32A}"
EndProject
Project("{2150E333-8FDC-42A3-9474-1A3956D46DE8}") = "tests", "tests", "{0AB3BF05-4346-4AA6-1389-037BE0695223}"
EndProject
Project("{FAE04EC0-301F-11D3-BF4B-00C04F79EFBC}") = "HSBM.Domain.Tests", "tests\HSBM.Domain.Tests\HSBM.Domain.Tests.csproj", "{473BAE75-B87E-44E3-9FAB-6AAED5880489}"
EndProject
Project("{FAE04EC0-301F-11D3-BF4B-00C04F79EFBC}") = "HSBM.Simulation.Tests", "tests\HSBM.Simulation.Tests\HSBM.Simulation.Tests.csproj", "{41B9E7FB-7C51-45E4-92FC-D26B3EFB62F5}"
EndProject
Project("{FAE04EC0-301F-11D3-BF4B-00C04F79EFBC}") = "HSBM.Persistence.Tests", "tests\HSBM.Persistence.Tests\HSBM.Persistence.Tests.csproj", "{F2870B3A-91ED-4CEE-80C3-2F61FA320042}"
EndProject
Project("{2150E333-8FDC-42A3-9474-1A3956D46DE8}") = "tools", "tools", "{07C2787E-EAC7-C090-1BA3-A61EC2A24D84}"
EndProject
Project("{FAE04EC0-301F-11D3-BF4B-00C04F79EFBC}") = "LeagueSimulator", "tools\LeagueSimulator\LeagueSimulator.csproj", "{D20BD1FF-5FE4-424E-8972-A30FE1610D09}"
EndProject
Global
	GlobalSection(SolutionConfigurationPlatforms) = preSolution
		Debug|Any CPU = Debug|Any CPU
		Debug|x64 = Debug|x64
		Debug|x86 = Debug|x86
		Release|Any CPU = Release|Any CPU
		Release|x64 = Release|x64
		Release|x86 = Release|x86
	EndGlobalSection
	GlobalSection(ProjectConfigurationPlatforms) = postSolution
		{BF4D85B4-2534-4C68-818A-1E92A6840D30}.Debug|Any CPU.ActiveCfg = Debug|Any CPU
		{BF4D85B4-2534-4C68-818A-1E92A6840D30}.Debug|Any CPU.Build.0 = Debug|Any CPU
		{BF4D85B4-2534-4C68-818A-1E92A6840D30}.Debug|x64.ActiveCfg = Debug|Any CPU
		{BF4D85B4-2534-4C68-818A-1E92A6840D30}.Debug|x64.Build.0 = Debug|Any CPU
		{BF4D85B4-2534-4C68-818A-1E92A6840D30}.Debug|x86.ActiveCfg = Debug|Any CPU
		{BF4D85B4-2534-4C68-818A-1E92A6840D30}.Debug|x86.Build.0 = Debug|Any CPU
		{BF4D85B4-2534-4C68-818A-1E92A6840D30}.Release|Any CPU.ActiveCfg = Debug|Any CPU
		{BF4D85B4-2534-4C68-818A-1E92A6840D30}.Release|Any CPU.Build.0 = Debug|Any CPU
		{BF4D85B4-2534-4C68-818A-1E92A6840D30}.Release|x64.ActiveCfg = Debug|Any CPU
		{BF4D85B4-2534-4C68-818A-1E92A6840D30}.Release|x64.Build.0 = Debug|Any CPU
		{BF4D85B4-2534-4C68-818A-1E92A6840D30}.Release|x86.ActiveCfg = Debug|Any CPU
		{BF4D85B4-2534-4C68-818A-1E92A6840D30}.Release|x86.Build.0 = Debug|Any CPU
		{FCFE97F9-3E31-4089-BEDB-BD79C750F21F}.Debug|Any CPU.ActiveCfg = Debug|Any CPU
		{FCFE97F9-3E31-4089-BEDB-BD79C750F21F}.Debug|Any CPU.Build.0 = Debug|Any CPU
		{FCFE97F9-3E31-4089-BEDB-BD79C750F21F}.Debug|x64.ActiveCfg = Debug|Any CPU
		{FCFE97F9-3E31-4089-BEDB-BD79C750F21F}.Debug|x64.Build.0 = Debug|Any CPU
		{FCFE97F9-3E31-4089-BEDB-BD79C750F21F}.Debug|x86.ActiveCfg = Debug|Any CPU
		{FCFE97F9-3E31-4089-BEDB-BD79C750F21F}.Debug|x86.Build.0 = Debug|Any CPU
		{FCFE97F9-3E31-4089-BEDB-BD79C750F21F}.Release|Any CPU.ActiveCfg = Release|Any CPU
		{FCFE97F9-3E31-4089-BEDB-BD79C750F21F}.Release|Any CPU.Build.0 = Release|Any CPU
		{FCFE97F9-3E31-4089-BEDB-BD79C750F21F}.Release|x64.ActiveCfg = Release|Any CPU
		{FCFE97F9-3E31-4089-BEDB-BD79C750F21F}.Release|x64.Build.0 = Release|Any CPU
		{FCFE97F9-3E31-4089-BEDB-BD79C750F21F}.Release|x86.ActiveCfg = Release|Any CPU
		{FCFE97F9-3E31-4089-BEDB-BD79C750F21F}.Release|x86.Build.0 = Release|Any CPU
		{00463004-B0DF-4993-A6B6-7A8E5EDE5EF6}.Debug|Any CPU.ActiveCfg = Debug|Any CPU
		{00463004-B0DF-4993-A6B6-7A8E5EDE5EF6}.Debug|Any CPU.Build.0 = Debug|Any CPU
		{00463004-B0DF-4993-A6B6-7A8E5EDE5EF6}.Debug|x64.ActiveCfg = Debug|Any CPU
		{00463004-B0DF-4993-A6B6-7A8E5EDE5EF6}.Debug|x64.Build.0 = Debug|Any CPU
		{00463004-B0DF-4993-A6B6-7A8E5EDE5EF6}.Debug|x86.ActiveCfg = Debug|Any CPU
		{00463004-B0DF-4993-A6B6-7A8E5EDE5EF6}.Debug|x86.Build.0 = Debug|Any CPU
		{00463004-B0DF-4993-A6B6-7A8E5EDE5EF6}.Release|Any CPU.ActiveCfg = Release|Any CPU
		{00463004-B0DF-4993-A6B6-7A8E5EDE5EF6}.Release|Any CPU.Build.0 = Release|Any CPU
		{00463004-B0DF-4993-A6B6-7A8E5EDE5EF6}.Release|x64.ActiveCfg = Release|Any CPU
		{00463004-B0DF-4993-A6B6-7A8E5EDE5EF6}.Release|x64.Build.0 = Release|Any CPU
		{00463004-B0DF-4993-A6B6-7A8E5EDE5EF6}.Release|x86.ActiveCfg = Release|Any CPU
		{00463004-B0DF-4993-A6B6-7A8E5EDE5EF6}.Release|x86.Build.0 = Release|Any CPU
		{64A75B28-C435-4AE3-9C00-F2AD699AF6A8}.Debug|Any CPU.ActiveCfg = Debug|Any CPU
		{64A75B28-C435-4AE3-9C00-F2AD699AF6A8}.Debug|Any CPU.Build.0 = Debug|Any CPU
		{64A75B28-C435-4AE3-9C00-F2AD699AF6A8}.Debug|x64.ActiveCfg = Debug|Any CPU
		{64A75B28-C435-4AE3-9C00-F2AD699AF6A8}.Debug|x64.Build.0 = Debug|Any CPU
		{64A75B28-C435-4AE3-9C00-F2AD699AF6A8}.Debug|x86.ActiveCfg = Debug|Any CPU
		{64A75B28-C435-4AE3-9C00-F2AD699AF6A8}.Debug|x86.Build.0 = Debug|Any CPU
		{64A75B28-C435-4AE3-9C00-F2AD699AF6A8}.Release|Any CPU.ActiveCfg = Release|Any CPU
		{64A75B28-C435-4AE3-9C00-F2AD699AF6A8}.Release|Any CPU.Build.0 = Release|Any CPU
		{64A75B28-C435-4AE3-9C00-F2AD699AF6A8}.Release|x64.ActiveCfg = Release|Any CPU
		{64A75B28-C435-4AE3-9C00-F2AD699AF6A8}.Release|x64.Build.0 = Release|Any CPU
		{64A75B28-C435-4AE3-9C00-F2AD699AF6A8}.Release|x86.ActiveCfg = Release|Any CPU
		{64A75B28-C435-4AE3-9C00-F2AD699AF6A8}.Release|x86.Build.0 = Release|Any CPU
		{1F895BC3-3D55-4586-B568-6F0EDD03B32A}.Debug|Any CPU.ActiveCfg = Debug|Any CPU
		{1F895BC3-3D55-4586-B568-6F0EDD03B32A}.Debug|Any CPU.Build.0 = Debug|Any CPU
		{1F895BC3-3D55-4586-B568-6F0EDD03B32A}.Debug|x64.ActiveCfg = Debug|Any CPU
		{1F895BC3-3D55-4586-B568-6F0EDD03B32A}.Debug|x64.Build.0 = Debug|Any CPU
		{1F895BC3-3D55-4586-B568-6F0EDD03B32A}.Debug|x86.ActiveCfg = Debug|Any CPU
		{1F895BC3-3D55-4586-B568-6F0EDD03B32A}.Debug|x86.Build.0 = Debug|Any CPU
		{1F895BC3-3D55-4586-B568-6F0EDD03B32A}.Release|Any CPU.ActiveCfg = Release|Any CPU
		{1F895BC3-3D55-4586-B568-6F0EDD03B32A}.Release|Any CPU.Build.0 = Release|Any CPU
		{1F895BC3-3D55-4586-B568-6F0EDD03B32A}.Release|x64.ActiveCfg = Release|Any CPU
		{1F895BC3-3D55-4586-B568-6F0EDD03B32A}.Release|x64.Build.0 = Release|Any CPU
		{1F895BC3-3D55-4586-B568-6F0EDD03B32A}.Release|x86.ActiveCfg = Release|Any CPU
		{1F895BC3-3D55-4586-B568-6F0EDD03B32A}.Release|x86.Build.0 = Release|Any CPU
		{473BAE75-B87E-44E3-9FAB-6AAED5880489}.Debug|Any CPU.ActiveCfg = Debug|Any CPU
		{473BAE75-B87E-44E3-9FAB-6AAED5880489}.Debug|Any CPU.Build.0 = Debug|Any CPU
		{473BAE75-B87E-44E3-9FAB-6AAED5880489}.Debug|x64.ActiveCfg = Debug|Any CPU
		{473BAE75-B87E-44E3-9FAB-6AAED5880489}.Debug|x64.Build.0 = Debug|Any CPU
		{473BAE75-B87E-44E3-9FAB-6AAED5880489}.Debug|x86.ActiveCfg = Debug|Any CPU
		{473BAE75-B87E-44E3-9FAB-6AAED5880489}.Debug|x86.Build.0 = Debug|Any CPU
		{473BAE75-B87E-44E3-9FAB-6AAED5880489}.Release|Any CPU.ActiveCfg = Release|Any CPU
		{473BAE75-B87E-44E3-9FAB-6AAED5880489}.Release|Any CPU.Build.0 = Release|Any CPU
		{473BAE75-B87E-44E3-9FAB-6AAED5880489}.Release|x64.ActiveCfg = Release|Any CPU
		{473BAE75-B87E-44E3-9FAB-6AAED5880489}.Release|x64.Build.0 = Release|Any CPU
		{473BAE75-B87E-44E3-9FAB-6AAED5880489}.Release|x86.ActiveCfg = Release|Any CPU
		{473BAE75-B87E-44E3-9FAB-6AAED5880489}.Release|x86.Build.0 = Release|Any CPU
		{41B9E7FB-7C51-45E4-92FC-D26B3EFB62F5}.Debug|Any CPU.ActiveCfg = Debug|Any CPU
		{41B9E7FB-7C51-45E4-92FC-D26B3EFB62F5}.Debug|Any CPU.Build.0 = Debug|Any CPU
		{41B9E7FB-7C51-45E4-92FC-D26B3EFB62F5}.Debug|x64.ActiveCfg = Debug|Any CPU
		{41B9E7FB-7C51-45E4-92FC-D26B3EFB62F5}.Debug|x64.Build.0 = Debug|Any CPU
		{41B9E7FB-7C51-45E4-92FC-D26B3EFB62F5}.Debug|x86.ActiveCfg = Debug|Any CPU
		{41B9E7FB-7C51-45E4-92FC-D26B3EFB62F5}.Debug|x86.Build.0 = Debug|Any CPU
		{41B9E7FB-7C51-45E4-92FC-D26B3EFB62F5}.Release|Any CPU.ActiveCfg = Release|Any CPU
		{41B9E7FB-7C51-45E4-92FC-D26B3EFB62F5}.Release|Any CPU.Build.0 = Release|Any CPU
		{41B9E7FB-7C51-45E4-92FC-D26B3EFB62F5}.Release|x64.ActiveCfg = Release|Any CPU
		{41B9E7FB-7C51-45E4-92FC-D26B3EFB62F5}.Release|x64.Build.0 = Release|Any CPU
		{41B9E7FB-7C51-45E4-92FC-D26B3EFB62F5}.Release|x86.ActiveCfg = Release|Any CPU
		{41B9E7FB-7C51-45E4-92FC-D26B3EFB62F5}.Release|x86.Build.0 = Release|Any CPU
		{F2870B3A-91ED-4CEE-80C3-2F61FA320042}.Debug|Any CPU.ActiveCfg = Debug|Any CPU
		{F2870B3A-91ED-4CEE-80C3-2F61FA320042}.Debug|Any CPU.Build.0 = Debug|Any CPU
		{F2870B3A-91ED-4CEE-80C3-2F61FA320042}.Debug|x64.ActiveCfg = Debug|Any CPU
		{F2870B3A-91ED-4CEE-80C3-2F61FA320042}.Debug|x64.Build.0 = Debug|Any CPU
		{F2870B3A-91ED-4CEE-80C3-2F61FA320042}.Debug|x86.ActiveCfg = Debug|Any CPU
		{F2870B3A-91ED-4CEE-80C3-2F61FA320042}.Debug|x86.Build.0 = Debug|Any CPU
		{F2870B3A-91ED-4CEE-80C3-2F61FA320042}.Release|Any CPU.ActiveCfg = Release|Any CPU
		{F2870B3A-91ED-4CEE-80C3-2F61FA320042}.Release|Any CPU.Build.0 = Release|Any CPU
		{F2870B3A-91ED-4CEE-80C3-2F61FA320042}.Release|x64.ActiveCfg = Release|Any CPU
		{F2870B3A-91ED-4CEE-80C3-2F61FA320042}.Release|x64.Build.0 = Release|Any CPU
		{F2870B3A-91ED-4CEE-80C3-2F61FA320042}.Release|x86.ActiveCfg = Release|Any CPU
		{F2870B3A-91ED-4CEE-80C3-2F61FA320042}.Release|x86.Build.0 = Release|Any CPU
		{D20BD1FF-5FE4-424E-8972-A30FE1610D09}.Debug|Any CPU.ActiveCfg = Debug|Any CPU
		{D20BD1FF-5FE4-424E-8972-A30FE1610D09}.Debug|Any CPU.Build.0 = Debug|Any CPU
		{D20BD1FF-5FE4-424E-8972-A30FE1610D09}.Debug|x64.ActiveCfg = Debug|Any CPU
		{D20BD1FF-5FE4-424E-8972-A30FE1610D09}.Debug|x64.Build.0 = Debug|Any CPU
		{D20BD1FF-5FE4-424E-8972-A30FE1610D09}.Debug|x86.ActiveCfg = Debug|Any CPU
		{D20BD1FF-5FE4-424E-8972-A30FE1610D09}.Debug|x86.Build.0 = Debug|Any CPU
		{D20BD1FF-5FE4-424E-8972-A30FE1610D09}.Release|Any CPU.ActiveCfg = Release|Any CPU
		{D20BD1FF-5FE4-424E-8972-A30FE1610D09}.Release|Any CPU.Build.0 = Release|Any CPU
		{D20BD1FF-5FE4-424E-8972-A30FE1610D09}.Release|x64.ActiveCfg = Release|Any CPU
		{D20BD1FF-5FE4-424E-8972-A30FE1610D09}.Release|x64.Build.0 = Release|Any CPU
		{D20BD1FF-5FE4-424E-8972-A30FE1610D09}.Release|x86.ActiveCfg = Release|Any CPU
		{D20BD1FF-5FE4-424E-8972-A30FE1610D09}.Release|x86.Build.0 = Release|Any CPU
	EndGlobalSection
	GlobalSection(SolutionProperties) = preSolution
		HideSolutionNode = FALSE
	EndGlobalSection
	GlobalSection(NestedProjects) = preSolution
		{BF4D85B4-2534-4C68-818A-1E92A6840D30} = {AE49D761-A782-2099-29A5-159B937B43CB}
		{FCFE97F9-3E31-4089-BEDB-BD79C750F21F} = {827E0CD3-B72D-47B6-A68D-7590B98EB39B}
		{00463004-B0DF-4993-A6B6-7A8E5EDE5EF6} = {827E0CD3-B72D-47B6-A68D-7590B98EB39B}
		{64A75B28-C435-4AE3-9C00-F2AD699AF6A8} = {827E0CD3-B72D-47B6-A68D-7590B98EB39B}
		{1F895BC3-3D55-4586-B568-6F0EDD03B32A} = {827E0CD3-B72D-47B6-A68D-7590B98EB39B}
		{473BAE75-B87E-44E3-9FAB-6AAED5880489} = {0AB3BF05-4346-4AA6-1389-037BE0695223}
		{41B9E7FB-7C51-45E4-92FC-D26B3EFB62F5} = {0AB3BF05-4346-4AA6-1389-037BE0695223}
		{F2870B3A-91ED-4CEE-80C3-2F61FA320042} = {0AB3BF05-4346-4AA6-1389-037BE0695223}
		{D20BD1FF-5FE4-424E-8972-A30FE1610D09} = {07C2787E-EAC7-C090-1BA3-A61EC2A24D84}
	EndGlobalSection
EndGlobal
